// !$*UTF8*$!
{
	archiveVersion = 1;
	classes = {
	};
	objectVersion = 52;
	objects = {

/* Begin PBXBuildFile section */
		13AFC71F265060AD00B1B703 /* AppColor.swift in Sources */ = {isa = PBXBuildFile; fileRef = 13AFC71E265060AD00B1B703 /* AppColor.swift */; };
		13AFC721265060C700B1B703 /* AppStyle.swift in Sources */ = {isa = PBXBuildFile; fileRef = 13AFC720265060C700B1B703 /* AppStyle.swift */; };
		13AFC723265060D400B1B703 /* AppButtonStyle.swift in Sources */ = {isa = PBXBuildFile; fileRef = 13AFC722265060D400B1B703 /* AppButtonStyle.swift */; };
		13AFC725265060DE00B1B703 /* AppTextFieldStyle.swift in Sources */ = {isa = PBXBuildFile; fileRef = 13AFC724265060DE00B1B703 /* AppTextFieldStyle.swift */; };
		13AFC727265060EC00B1B703 /* AppShadowStyle.swift in Sources */ = {isa = PBXBuildFile; fileRef = 13AFC726265060EC00B1B703 /* AppShadowStyle.swift */; };
		13AFC729265060FA00B1B703 /* ThumbnailStyle.swift in Sources */ = {isa = PBXBuildFile; fileRef = 13AFC728265060FA00B1B703 /* ThumbnailStyle.swift */; };
		13AFC72B2650615A00B1B703 /* ViewStyle.swift in Sources */ = {isa = PBXBuildFile; fileRef = 13AFC72A2650615A00B1B703 /* ViewStyle.swift */; };
		13AFC72D26506A4A00B1B703 /* Home.swift in Sources */ = {isa = PBXBuildFile; fileRef = 13AFC72C26506A4A00B1B703 /* Home.swift */; };
		13AFC72F26506A5200B1B703 /* Home+State.swift in Sources */ = {isa = PBXBuildFile; fileRef = 13AFC72E26506A5200B1B703 /* Home+State.swift */; };
		13AFC73126506A5D00B1B703 /* Home+Observers.swift in Sources */ = {isa = PBXBuildFile; fileRef = 13AFC73026506A5D00B1B703 /* Home+Observers.swift */; };
		13AFC73326506A6400B1B703 /* Home+View.swift in Sources */ = {isa = PBXBuildFile; fileRef = 13AFC73226506A6400B1B703 /* Home+View.swift */; };
		13AFC73626506F2B00B1B703 /* Conversation+View.swift in Sources */ = {isa = PBXBuildFile; fileRef = 13AFC73526506F2B00B1B703 /* Conversation+View.swift */; };
		13AFC73826506F3C00B1B703 /* Message+View.swift in Sources */ = {isa = PBXBuildFile; fileRef = 13AFC73726506F3C00B1B703 /* Message+View.swift */; };
		13AFC73A26506F4A00B1B703 /* MessageCompose+View.swift in Sources */ = {isa = PBXBuildFile; fileRef = 13AFC73926506F4A00B1B703 /* MessageCompose+View.swift */; };
		13AFC73C26506F5300B1B703 /* WrappedText+View.swift in Sources */ = {isa = PBXBuildFile; fileRef = 13AFC73B26506F5300B1B703 /* WrappedText+View.swift */; };
		13AFC73E26506FB300B1B703 /* Conversation.swift in Sources */ = {isa = PBXBuildFile; fileRef = 13AFC73D26506FB300B1B703 /* Conversation.swift */; };
		61284768262CF83B00025871 /* Environment.swift in Sources */ = {isa = PBXBuildFile; fileRef = 61284767262CF83500025871 /* Environment.swift */; };
		61426180259CF4780045C234 /* Utils.swift in Sources */ = {isa = PBXBuildFile; fileRef = 6142617F259CF4780045C234 /* Utils.swift */; };
		617E588D26407806007BAECF /* PHPicker.swift in Sources */ = {isa = PBXBuildFile; fileRef = 617E588C26407806007BAECF /* PHPicker.swift */; };
		617E588F26407860007BAECF /* ImageThumbnailView.swift in Sources */ = {isa = PBXBuildFile; fileRef = 617E588E26407860007BAECF /* ImageThumbnailView.swift */; };
		617E5892264078E0007BAECF /* EditPhoto.swift in Sources */ = {isa = PBXBuildFile; fileRef = 617E5891264078E0007BAECF /* EditPhoto.swift */; };
		617E5894264078FC007BAECF /* EditPhoto+State.swift in Sources */ = {isa = PBXBuildFile; fileRef = 617E5893264078FC007BAECF /* EditPhoto+State.swift */; };
		617E589626407914007BAECF /* EditPhoto+Observers.swift in Sources */ = {isa = PBXBuildFile; fileRef = 617E589526407914007BAECF /* EditPhoto+Observers.swift */; };
		617E589826407930007BAECF /* EditPhoto+View.swift in Sources */ = {isa = PBXBuildFile; fileRef = 617E589726407930007BAECF /* EditPhoto+View.swift */; };
		617E589B264079F2007BAECF /* Outcome.swift in Sources */ = {isa = PBXBuildFile; fileRef = 617E589A264079F2007BAECF /* Outcome.swift */; };
		61C6FD5026322D96008C0BA8 /* ComposeUI in Frameworks */ = {isa = PBXBuildFile; productRef = 61C6FD4F26322D96008C0BA8 /* ComposeUI */; };
		61C6FD5226322D96008C0BA8 /* Compose in Frameworks */ = {isa = PBXBuildFile; productRef = 61C6FD5126322D96008C0BA8 /* Compose */; };
		61C6FD5B26322E09008C0BA8 /* App.swift in Sources */ = {isa = PBXBuildFile; fileRef = 61C6FD5A26322E09008C0BA8 /* App.swift */; };
		61C6FD6026322E43008C0BA8 /* App+Observers.swift in Sources */ = {isa = PBXBuildFile; fileRef = 61C6FD5F26322E43008C0BA8 /* App+Observers.swift */; };
		61C6FD6526322E6C008C0BA8 /* App+View.swift in Sources */ = {isa = PBXBuildFile; fileRef = 61C6FD6426322E6C008C0BA8 /* App+View.swift */; };
		61C6FD6A26322F51008C0BA8 /* App+Startup.swift in Sources */ = {isa = PBXBuildFile; fileRef = 61C6FD6926322F51008C0BA8 /* App+Startup.swift */; };
		61C6FD7A26323450008C0BA8 /* Conversations.swift in Sources */ = {isa = PBXBuildFile; fileRef = 61C6FD7926323450008C0BA8 /* Conversations.swift */; };
		61C6FD7F26323477008C0BA8 /* Conversations+Observers.swift in Sources */ = {isa = PBXBuildFile; fileRef = 61C6FD7E26323477008C0BA8 /* Conversations+Observers.swift */; };
		61C6FD842632348D008C0BA8 /* Conversations+View.swift in Sources */ = {isa = PBXBuildFile; fileRef = 61C6FD832632348D008C0BA8 /* Conversations+View.swift */; };
		61C6FD8926323591008C0BA8 /* Settings.swift in Sources */ = {isa = PBXBuildFile; fileRef = 61C6FD8826323591008C0BA8 /* Settings.swift */; };
		61C6FD8E263235A0008C0BA8 /* Settings+Observers.swift in Sources */ = {isa = PBXBuildFile; fileRef = 61C6FD8D263235A0008C0BA8 /* Settings+Observers.swift */; };
		61C6FD93263235BF008C0BA8 /* Settings+View.swift in Sources */ = {isa = PBXBuildFile; fileRef = 61C6FD92263235BF008C0BA8 /* Settings+View.swift */; };
		61C6FD9D26324770008C0BA8 /* UserService.swift in Sources */ = {isa = PBXBuildFile; fileRef = 61C6FD9C26324770008C0BA8 /* UserService.swift */; };
		61C6FDA226336701008C0BA8 /* UserService+Account.swift in Sources */ = {isa = PBXBuildFile; fileRef = 61C6FDA126336701008C0BA8 /* UserService+Account.swift */; };
		61DCBCFB25A0FC2200980776 /* SocketIO in Frameworks */ = {isa = PBXBuildFile; productRef = 61DCBCFA25A0FC2200980776 /* SocketIO */; };
		61DCBD0025A1058800980776 /* JSONParser.swift in Sources */ = {isa = PBXBuildFile; fileRef = 61DCBCFF25A1058800980776 /* JSONParser.swift */; };
		61DCBD0525A106F100980776 /* SocketConnectionManager.swift in Sources */ = {isa = PBXBuildFile; fileRef = 61DCBD0425A106F100980776 /* SocketConnectionManager.swift */; };
		61DCBD0D25A2B67900980776 /* Throttler.swift in Sources */ = {isa = PBXBuildFile; fileRef = 61DCBD0C25A2B67900980776 /* Throttler.swift */; };
		61E0A9B42594338C00960108 /* UnfiltrApp.swift in Sources */ = {isa = PBXBuildFile; fileRef = 61E0A9B32594338C00960108 /* UnfiltrApp.swift */; };
		61E0A9B82594338D00960108 /* Assets.xcassets in Resources */ = {isa = PBXBuildFile; fileRef = 61E0A9B72594338D00960108 /* Assets.xcassets */; };
		61E0A9BB2594338D00960108 /* Preview Assets.xcassets in Resources */ = {isa = PBXBuildFile; fileRef = 61E0A9BA2594338D00960108 /* Preview Assets.xcassets */; };
		61E0A9C62594338D00960108 /* UnfiltrTests.swift in Sources */ = {isa = PBXBuildFile; fileRef = 61E0A9C52594338D00960108 /* UnfiltrTests.swift */; };
		61E0A9D12594338D00960108 /* UnfiltrUITests.swift in Sources */ = {isa = PBXBuildFile; fileRef = 61E0A9D02594338D00960108 /* UnfiltrUITests.swift */; };
/* End PBXBuildFile section */

/* Begin PBXContainerItemProxy section */
		61E0A9C22594338D00960108 /* PBXContainerItemProxy */ = {
			isa = PBXContainerItemProxy;
			containerPortal = 61E0A9A82594338C00960108 /* Project object */;
			proxyType = 1;
			remoteGlobalIDString = 61E0A9AF2594338C00960108;
			remoteInfo = Unfiltr;
		};
		61E0A9CD2594338D00960108 /* PBXContainerItemProxy */ = {
			isa = PBXContainerItemProxy;
			containerPortal = 61E0A9A82594338C00960108 /* Project object */;
			proxyType = 1;
			remoteGlobalIDString = 61E0A9AF2594338C00960108;
			remoteInfo = Unfiltr;
		};
/* End PBXContainerItemProxy section */

/* Begin PBXFileReference section */
		13AFC71E265060AD00B1B703 /* AppColor.swift */ = {isa = PBXFileReference; lastKnownFileType = sourcecode.swift; path = AppColor.swift; sourceTree = "<group>"; };
		13AFC720265060C700B1B703 /* AppStyle.swift */ = {isa = PBXFileReference; lastKnownFileType = sourcecode.swift; path = AppStyle.swift; sourceTree = "<group>"; };
		13AFC722265060D400B1B703 /* AppButtonStyle.swift */ = {isa = PBXFileReference; lastKnownFileType = sourcecode.swift; path = AppButtonStyle.swift; sourceTree = "<group>"; };
		13AFC724265060DE00B1B703 /* AppTextFieldStyle.swift */ = {isa = PBXFileReference; lastKnownFileType = sourcecode.swift; path = AppTextFieldStyle.swift; sourceTree = "<group>"; };
		13AFC726265060EC00B1B703 /* AppShadowStyle.swift */ = {isa = PBXFileReference; lastKnownFileType = sourcecode.swift; path = AppShadowStyle.swift; sourceTree = "<group>"; };
		13AFC728265060FA00B1B703 /* ThumbnailStyle.swift */ = {isa = PBXFileReference; lastKnownFileType = sourcecode.swift; path = ThumbnailStyle.swift; sourceTree = "<group>"; };
		13AFC72A2650615A00B1B703 /* ViewStyle.swift */ = {isa = PBXFileReference; lastKnownFileType = sourcecode.swift; path = ViewStyle.swift; sourceTree = "<group>"; };
		13AFC72C26506A4A00B1B703 /* Home.swift */ = {isa = PBXFileReference; lastKnownFileType = sourcecode.swift; path = Home.swift; sourceTree = "<group>"; };
		13AFC72E26506A5200B1B703 /* Home+State.swift */ = {isa = PBXFileReference; lastKnownFileType = sourcecode.swift; path = "Home+State.swift"; sourceTree = "<group>"; };
		13AFC73026506A5D00B1B703 /* Home+Observers.swift */ = {isa = PBXFileReference; lastKnownFileType = sourcecode.swift; path = "Home+Observers.swift"; sourceTree = "<group>"; };
		13AFC73226506A6400B1B703 /* Home+View.swift */ = {isa = PBXFileReference; lastKnownFileType = sourcecode.swift; path = "Home+View.swift"; sourceTree = "<group>"; };
		13AFC73526506F2B00B1B703 /* Conversation+View.swift */ = {isa = PBXFileReference; lastKnownFileType = sourcecode.swift; path = "Conversation+View.swift"; sourceTree = "<group>"; };
		13AFC73726506F3C00B1B703 /* Message+View.swift */ = {isa = PBXFileReference; lastKnownFileType = sourcecode.swift; path = "Message+View.swift"; sourceTree = "<group>"; };
		13AFC73926506F4A00B1B703 /* MessageCompose+View.swift */ = {isa = PBXFileReference; lastKnownFileType = sourcecode.swift; path = "MessageCompose+View.swift"; sourceTree = "<group>"; };
		13AFC73B26506F5300B1B703 /* WrappedText+View.swift */ = {isa = PBXFileReference; lastKnownFileType = sourcecode.swift; path = "WrappedText+View.swift"; sourceTree = "<group>"; };
		13AFC73D26506FB300B1B703 /* Conversation.swift */ = {isa = PBXFileReference; lastKnownFileType = sourcecode.swift; path = Conversation.swift; sourceTree = "<group>"; };
		6128475C262CF6AC00025871 /* Release.xcconfig */ = {isa = PBXFileReference; lastKnownFileType = text.xcconfig; path = Release.xcconfig; sourceTree = "<group>"; };
		6128475D262CF6DB00025871 /* Development.xcconfig */ = {isa = PBXFileReference; lastKnownFileType = text.xcconfig; path = Development.xcconfig; sourceTree = "<group>"; };
		61284767262CF83500025871 /* Environment.swift */ = {isa = PBXFileReference; lastKnownFileType = sourcecode.swift; path = Environment.swift; sourceTree = "<group>"; };
		6142617F259CF4780045C234 /* Utils.swift */ = {isa = PBXFileReference; lastKnownFileType = sourcecode.swift; path = Utils.swift; sourceTree = "<group>"; };
		617E588C26407806007BAECF /* PHPicker.swift */ = {isa = PBXFileReference; lastKnownFileType = sourcecode.swift; path = PHPicker.swift; sourceTree = "<group>"; };
		617E588E26407860007BAECF /* ImageThumbnailView.swift */ = {isa = PBXFileReference; lastKnownFileType = sourcecode.swift; path = ImageThumbnailView.swift; sourceTree = "<group>"; };
		617E5891264078E0007BAECF /* EditPhoto.swift */ = {isa = PBXFileReference; lastKnownFileType = sourcecode.swift; path = EditPhoto.swift; sourceTree = "<group>"; };
		617E5893264078FC007BAECF /* EditPhoto+State.swift */ = {isa = PBXFileReference; lastKnownFileType = sourcecode.swift; path = "EditPhoto+State.swift"; sourceTree = "<group>"; };
		617E589526407914007BAECF /* EditPhoto+Observers.swift */ = {isa = PBXFileReference; lastKnownFileType = sourcecode.swift; path = "EditPhoto+Observers.swift"; sourceTree = "<group>"; };
		617E589726407930007BAECF /* EditPhoto+View.swift */ = {isa = PBXFileReference; lastKnownFileType = sourcecode.swift; path = "EditPhoto+View.swift"; sourceTree = "<group>"; };
		617E589A264079F2007BAECF /* Outcome.swift */ = {isa = PBXFileReference; lastKnownFileType = sourcecode.swift; path = Outcome.swift; sourceTree = "<group>"; };
		61C6FD5A26322E09008C0BA8 /* App.swift */ = {isa = PBXFileReference; lastKnownFileType = sourcecode.swift; path = App.swift; sourceTree = "<group>"; };
		61C6FD5F26322E43008C0BA8 /* App+Observers.swift */ = {isa = PBXFileReference; lastKnownFileType = sourcecode.swift; path = "App+Observers.swift"; sourceTree = "<group>"; };
		61C6FD6426322E6C008C0BA8 /* App+View.swift */ = {isa = PBXFileReference; lastKnownFileType = sourcecode.swift; path = "App+View.swift"; sourceTree = "<group>"; };
		61C6FD6926322F51008C0BA8 /* App+Startup.swift */ = {isa = PBXFileReference; lastKnownFileType = sourcecode.swift; path = "App+Startup.swift"; sourceTree = "<group>"; };
		61C6FD7926323450008C0BA8 /* Conversations.swift */ = {isa = PBXFileReference; lastKnownFileType = sourcecode.swift; path = Conversations.swift; sourceTree = "<group>"; };
		61C6FD7E26323477008C0BA8 /* Conversations+Observers.swift */ = {isa = PBXFileReference; lastKnownFileType = sourcecode.swift; path = "Conversations+Observers.swift"; sourceTree = "<group>"; };
		61C6FD832632348D008C0BA8 /* Conversations+View.swift */ = {isa = PBXFileReference; lastKnownFileType = sourcecode.swift; path = "Conversations+View.swift"; sourceTree = "<group>"; };
		61C6FD8826323591008C0BA8 /* Settings.swift */ = {isa = PBXFileReference; lastKnownFileType = sourcecode.swift; path = Settings.swift; sourceTree = "<group>"; };
		61C6FD8D263235A0008C0BA8 /* Settings+Observers.swift */ = {isa = PBXFileReference; lastKnownFileType = sourcecode.swift; path = "Settings+Observers.swift"; sourceTree = "<group>"; };
		61C6FD92263235BF008C0BA8 /* Settings+View.swift */ = {isa = PBXFileReference; lastKnownFileType = sourcecode.swift; path = "Settings+View.swift"; sourceTree = "<group>"; };
		61C6FD9C26324770008C0BA8 /* UserService.swift */ = {isa = PBXFileReference; lastKnownFileType = sourcecode.swift; path = UserService.swift; sourceTree = "<group>"; };
		61C6FDA126336701008C0BA8 /* UserService+Account.swift */ = {isa = PBXFileReference; lastKnownFileType = sourcecode.swift; path = "UserService+Account.swift"; sourceTree = "<group>"; };
		61DCBCFF25A1058800980776 /* JSONParser.swift */ = {isa = PBXFileReference; lastKnownFileType = sourcecode.swift; path = JSONParser.swift; sourceTree = "<group>"; };
		61DCBD0425A106F100980776 /* SocketConnectionManager.swift */ = {isa = PBXFileReference; lastKnownFileType = sourcecode.swift; path = SocketConnectionManager.swift; sourceTree = "<group>"; };
		61DCBD0C25A2B67900980776 /* Throttler.swift */ = {isa = PBXFileReference; lastKnownFileType = sourcecode.swift; path = Throttler.swift; sourceTree = "<group>"; };
		61E0A9B02594338C00960108 /* Unfiltr.app */ = {isa = PBXFileReference; explicitFileType = wrapper.application; includeInIndex = 0; path = Unfiltr.app; sourceTree = BUILT_PRODUCTS_DIR; };
		61E0A9B32594338C00960108 /* UnfiltrApp.swift */ = {isa = PBXFileReference; lastKnownFileType = sourcecode.swift; path = UnfiltrApp.swift; sourceTree = "<group>"; };
		61E0A9B72594338D00960108 /* Assets.xcassets */ = {isa = PBXFileReference; lastKnownFileType = folder.assetcatalog; path = Assets.xcassets; sourceTree = "<group>"; };
		61E0A9BA2594338D00960108 /* Preview Assets.xcassets */ = {isa = PBXFileReference; lastKnownFileType = folder.assetcatalog; path = "Preview Assets.xcassets"; sourceTree = "<group>"; };
		61E0A9BC2594338D00960108 /* Info.plist */ = {isa = PBXFileReference; lastKnownFileType = text.plist.xml; path = Info.plist; sourceTree = "<group>"; };
		61E0A9C12594338D00960108 /* UnfiltrTests.xctest */ = {isa = PBXFileReference; explicitFileType = wrapper.cfbundle; includeInIndex = 0; path = UnfiltrTests.xctest; sourceTree = BUILT_PRODUCTS_DIR; };
		61E0A9C52594338D00960108 /* UnfiltrTests.swift */ = {isa = PBXFileReference; lastKnownFileType = sourcecode.swift; path = UnfiltrTests.swift; sourceTree = "<group>"; };
		61E0A9C72594338D00960108 /* Info.plist */ = {isa = PBXFileReference; lastKnownFileType = text.plist.xml; path = Info.plist; sourceTree = "<group>"; };
		61E0A9CC2594338D00960108 /* UnfiltrUITests.xctest */ = {isa = PBXFileReference; explicitFileType = wrapper.cfbundle; includeInIndex = 0; path = UnfiltrUITests.xctest; sourceTree = BUILT_PRODUCTS_DIR; };
		61E0A9D02594338D00960108 /* UnfiltrUITests.swift */ = {isa = PBXFileReference; lastKnownFileType = sourcecode.swift; path = UnfiltrUITests.swift; sourceTree = "<group>"; };
		61E0A9D22594338D00960108 /* Info.plist */ = {isa = PBXFileReference; lastKnownFileType = text.plist.xml; path = Info.plist; sourceTree = "<group>"; };
/* End PBXFileReference section */

/* Begin PBXFrameworksBuildPhase section */
		61E0A9AD2594338C00960108 /* Frameworks */ = {
			isa = PBXFrameworksBuildPhase;
			buildActionMask = 2147483647;
			files = (
				61C6FD5226322D96008C0BA8 /* Compose in Frameworks */,
				61DCBCFB25A0FC2200980776 /* SocketIO in Frameworks */,
				61C6FD5026322D96008C0BA8 /* ComposeUI in Frameworks */,
			);
			runOnlyForDeploymentPostprocessing = 0;
		};
		61E0A9BE2594338D00960108 /* Frameworks */ = {
			isa = PBXFrameworksBuildPhase;
			buildActionMask = 2147483647;
			files = (
			);
			runOnlyForDeploymentPostprocessing = 0;
		};
		61E0A9C92594338D00960108 /* Frameworks */ = {
			isa = PBXFrameworksBuildPhase;
			buildActionMask = 2147483647;
			files = (
			);
			runOnlyForDeploymentPostprocessing = 0;
		};
/* End PBXFrameworksBuildPhase section */

/* Begin PBXGroup section */
		13AFC71D2650609D00B1B703 /* Styles */ = {
			isa = PBXGroup;
			children = (
				13AFC71E265060AD00B1B703 /* AppColor.swift */,
				13AFC720265060C700B1B703 /* AppStyle.swift */,
				13AFC722265060D400B1B703 /* AppButtonStyle.swift */,
				13AFC724265060DE00B1B703 /* AppTextFieldStyle.swift */,
				13AFC726265060EC00B1B703 /* AppShadowStyle.swift */,
				13AFC728265060FA00B1B703 /* ThumbnailStyle.swift */,
			);
			path = Styles;
			sourceTree = "<group>";
		};
		13AFC73426506F0E00B1B703 /* Conversation */ = {
			isa = PBXGroup;
			children = (
				13AFC73526506F2B00B1B703 /* Conversation+View.swift */,
				13AFC73726506F3C00B1B703 /* Message+View.swift */,
				13AFC73926506F4A00B1B703 /* MessageCompose+View.swift */,
				13AFC73B26506F5300B1B703 /* WrappedText+View.swift */,
				13AFC73D26506FB300B1B703 /* Conversation.swift */,
			);
			path = Conversation;
			sourceTree = "<group>";
		};
		617E588A264077D8007BAECF /* Views */ = {
			isa = PBXGroup;
			children = (
				13AFC73426506F0E00B1B703 /* Conversation */,
				617E588B264077DE007BAECF /* ImagePicker */,
				617E588E26407860007BAECF /* ImageThumbnailView.swift */,
			);
			path = Views;
			sourceTree = "<group>";
		};
		617E588B264077DE007BAECF /* ImagePicker */ = {
			isa = PBXGroup;
			children = (
				617E588C26407806007BAECF /* PHPicker.swift */,
			);
			path = ImagePicker;
			sourceTree = "<group>";
		};
		617E5890264078CF007BAECF /* Edit Photo */ = {
			isa = PBXGroup;
			children = (
				617E5891264078E0007BAECF /* EditPhoto.swift */,
				617E5893264078FC007BAECF /* EditPhoto+State.swift */,
				617E589526407914007BAECF /* EditPhoto+Observers.swift */,
				617E589726407930007BAECF /* EditPhoto+View.swift */,
			);
			path = "Edit Photo";
			sourceTree = "<group>";
		};
		617E5899264079E1007BAECF /* Extensions */ = {
			isa = PBXGroup;
			children = (
				617E589A264079F2007BAECF /* Outcome.swift */,
				13AFC72A2650615A00B1B703 /* ViewStyle.swift */,
			);
			path = Extensions;
			sourceTree = "<group>";
		};
		61C6FD5626322DDC008C0BA8 /* Components */ = {
			isa = PBXGroup;
			children = (
				61C6FD7626323406008C0BA8 /* Home */,
				61C6FD7226323213008C0BA8 /* App */,
			);
			path = Components;
			sourceTree = "<group>";
		};
		61C6FD7226323213008C0BA8 /* App */ = {
			isa = PBXGroup;
			children = (
				61C6FD5A26322E09008C0BA8 /* App.swift */,
				61C6FD5F26322E43008C0BA8 /* App+Observers.swift */,
				61C6FD6926322F51008C0BA8 /* App+Startup.swift */,
				61C6FD6426322E6C008C0BA8 /* App+View.swift */,
			);
			path = App;
			sourceTree = "<group>";
		};
		61C6FD7626323406008C0BA8 /* Home */ = {
			isa = PBXGroup;
			children = (
				61C6FD782632341D008C0BA8 /* Conversations */,
				61C6FD772632340F008C0BA8 /* Settings */,
				13AFC72C26506A4A00B1B703 /* Home.swift */,
				13AFC72E26506A5200B1B703 /* Home+State.swift */,
				13AFC73026506A5D00B1B703 /* Home+Observers.swift */,
				13AFC73226506A6400B1B703 /* Home+View.swift */,
			);
			path = Home;
			sourceTree = "<group>";
		};
		61C6FD772632340F008C0BA8 /* Settings */ = {
			isa = PBXGroup;
			children = (
				617E5890264078CF007BAECF /* Edit Photo */,
				61C6FD8826323591008C0BA8 /* Settings.swift */,
				61C6FD8D263235A0008C0BA8 /* Settings+Observers.swift */,
				61C6FD92263235BF008C0BA8 /* Settings+View.swift */,
			);
			path = Settings;
			sourceTree = "<group>";
		};
		61C6FD782632341D008C0BA8 /* Conversations */ = {
			isa = PBXGroup;
			children = (
				61C6FD7926323450008C0BA8 /* Conversations.swift */,
				61C6FD7E26323477008C0BA8 /* Conversations+Observers.swift */,
				61C6FD832632348D008C0BA8 /* Conversations+View.swift */,
			);
			path = Conversations;
			sourceTree = "<group>";
		};
		61C6FD9A2632474B008C0BA8 /* Shared */ = {
			isa = PBXGroup;
			children = (
				13AFC71D2650609D00B1B703 /* Styles */,
				617E5899264079E1007BAECF /* Extensions */,
				617E588A264077D8007BAECF /* Views */,
				61C6FD9B26324752008C0BA8 /* User */,
			);
			path = Shared;
			sourceTree = "<group>";
		};
		61C6FD9B26324752008C0BA8 /* User */ = {
			isa = PBXGroup;
			children = (
				61C6FD9C26324770008C0BA8 /* UserService.swift */,
				61C6FDA126336701008C0BA8 /* UserService+Account.swift */,
			);
			path = User;
			sourceTree = "<group>";
		};
		61E0A9A72594338C00960108 = {
			isa = PBXGroup;
			children = (
				6128475D262CF6DB00025871 /* Development.xcconfig */,
				6128475C262CF6AC00025871 /* Release.xcconfig */,
				61E0A9B22594338C00960108 /* Unfiltr */,
				61E0A9C42594338D00960108 /* UnfiltrTests */,
				61E0A9CF2594338D00960108 /* UnfiltrUITests */,
				61E0A9B12594338C00960108 /* Products */,
			);
			sourceTree = "<group>";
		};
		61E0A9B12594338C00960108 /* Products */ = {
			isa = PBXGroup;
			children = (
				61E0A9B02594338C00960108 /* Unfiltr.app */,
				61E0A9C12594338D00960108 /* UnfiltrTests.xctest */,
				61E0A9CC2594338D00960108 /* UnfiltrUITests.xctest */,
			);
			name = Products;
			sourceTree = "<group>";
		};
		61E0A9B22594338C00960108 /* Unfiltr */ = {
			isa = PBXGroup;
			children = (
				61C6FD9A2632474B008C0BA8 /* Shared */,
				61C6FD5626322DDC008C0BA8 /* Components */,
				61284767262CF83500025871 /* Environment.swift */,
				61E0A9B32594338C00960108 /* UnfiltrApp.swift */,
				61E0A9B72594338D00960108 /* Assets.xcassets */,
				61E0A9BC2594338D00960108 /* Info.plist */,
				61E0A9B92594338D00960108 /* Preview Content */,
				6142617F259CF4780045C234 /* Utils.swift */,
				61DCBCFF25A1058800980776 /* JSONParser.swift */,
				61DCBD0425A106F100980776 /* SocketConnectionManager.swift */,
				61DCBD0C25A2B67900980776 /* Throttler.swift */,
			);
			path = Unfiltr;
			sourceTree = "<group>";
		};
		61E0A9B92594338D00960108 /* Preview Content */ = {
			isa = PBXGroup;
			children = (
				61E0A9BA2594338D00960108 /* Preview Assets.xcassets */,
			);
			path = "Preview Content";
			sourceTree = "<group>";
		};
		61E0A9C42594338D00960108 /* UnfiltrTests */ = {
			isa = PBXGroup;
			children = (
				61E0A9C52594338D00960108 /* UnfiltrTests.swift */,
				61E0A9C72594338D00960108 /* Info.plist */,
			);
			path = UnfiltrTests;
			sourceTree = "<group>";
		};
		61E0A9CF2594338D00960108 /* UnfiltrUITests */ = {
			isa = PBXGroup;
			children = (
				61E0A9D02594338D00960108 /* UnfiltrUITests.swift */,
				61E0A9D22594338D00960108 /* Info.plist */,
			);
			path = UnfiltrUITests;
			sourceTree = "<group>";
		};
/* End PBXGroup section */

/* Begin PBXNativeTarget section */
		61E0A9AF2594338C00960108 /* Unfiltr */ = {
			isa = PBXNativeTarget;
			buildConfigurationList = 61E0A9D52594338D00960108 /* Build configuration list for PBXNativeTarget "Unfiltr" */;
			buildPhases = (
				61E0A9AC2594338C00960108 /* Sources */,
				61E0A9AD2594338C00960108 /* Frameworks */,
				61E0A9AE2594338C00960108 /* Resources */,
			);
			buildRules = (
			);
			dependencies = (
			);
			name = Unfiltr;
			packageProductDependencies = (
				61DCBCFA25A0FC2200980776 /* SocketIO */,
				61C6FD4F26322D96008C0BA8 /* ComposeUI */,
				61C6FD5126322D96008C0BA8 /* Compose */,
			);
			productName = Unfiltr;
			productReference = 61E0A9B02594338C00960108 /* Unfiltr.app */;
			productType = "com.apple.product-type.application";
		};
		61E0A9C02594338D00960108 /* UnfiltrTests */ = {
			isa = PBXNativeTarget;
			buildConfigurationList = 61E0A9D82594338D00960108 /* Build configuration list for PBXNativeTarget "UnfiltrTests" */;
			buildPhases = (
				61E0A9BD2594338D00960108 /* Sources */,
				61E0A9BE2594338D00960108 /* Frameworks */,
				61E0A9BF2594338D00960108 /* Resources */,
			);
			buildRules = (
			);
			dependencies = (
				61E0A9C32594338D00960108 /* PBXTargetDependency */,
			);
			name = UnfiltrTests;
			productName = UnfiltrTests;
			productReference = 61E0A9C12594338D00960108 /* UnfiltrTests.xctest */;
			productType = "com.apple.product-type.bundle.unit-test";
		};
		61E0A9CB2594338D00960108 /* UnfiltrUITests */ = {
			isa = PBXNativeTarget;
			buildConfigurationList = 61E0A9DB2594338D00960108 /* Build configuration list for PBXNativeTarget "UnfiltrUITests" */;
			buildPhases = (
				61E0A9C82594338D00960108 /* Sources */,
				61E0A9C92594338D00960108 /* Frameworks */,
				61E0A9CA2594338D00960108 /* Resources */,
			);
			buildRules = (
			);
			dependencies = (
				61E0A9CE2594338D00960108 /* PBXTargetDependency */,
			);
			name = UnfiltrUITests;
			productName = UnfiltrUITests;
			productReference = 61E0A9CC2594338D00960108 /* UnfiltrUITests.xctest */;
			productType = "com.apple.product-type.bundle.ui-testing";
		};
/* End PBXNativeTarget section */

/* Begin PBXProject section */
		61E0A9A82594338C00960108 /* Project object */ = {
			isa = PBXProject;
			attributes = {
				LastSwiftUpdateCheck = 1230;
				LastUpgradeCheck = 1230;
				TargetAttributes = {
					61E0A9AF2594338C00960108 = {
						CreatedOnToolsVersion = 12.3;
					};
					61E0A9C02594338D00960108 = {
						CreatedOnToolsVersion = 12.3;
						TestTargetID = 61E0A9AF2594338C00960108;
					};
					61E0A9CB2594338D00960108 = {
						CreatedOnToolsVersion = 12.3;
						TestTargetID = 61E0A9AF2594338C00960108;
					};
				};
			};
			buildConfigurationList = 61E0A9AB2594338C00960108 /* Build configuration list for PBXProject "Unfiltr" */;
			compatibilityVersion = "Xcode 9.3";
			developmentRegion = en;
			hasScannedForEncodings = 0;
			knownRegions = (
				en,
				Base,
			);
			mainGroup = 61E0A9A72594338C00960108;
			packageReferences = (
				61DCBCF925A0FC2200980776 /* XCRemoteSwiftPackageReference "socket" */,
				61C6FD4E26322D96008C0BA8 /* XCRemoteSwiftPackageReference "compose" */,
			);
			productRefGroup = 61E0A9B12594338C00960108 /* Products */;
			projectDirPath = "";
			projectRoot = "";
			targets = (
				61E0A9AF2594338C00960108 /* Unfiltr */,
				61E0A9C02594338D00960108 /* UnfiltrTests */,
				61E0A9CB2594338D00960108 /* UnfiltrUITests */,
			);
		};
/* End PBXProject section */

/* Begin PBXResourcesBuildPhase section */
		61E0A9AE2594338C00960108 /* Resources */ = {
			isa = PBXResourcesBuildPhase;
			buildActionMask = 2147483647;
			files = (
				61E0A9BB2594338D00960108 /* Preview Assets.xcassets in Resources */,
				61E0A9B82594338D00960108 /* Assets.xcassets in Resources */,
			);
			runOnlyForDeploymentPostprocessing = 0;
		};
		61E0A9BF2594338D00960108 /* Resources */ = {
			isa = PBXResourcesBuildPhase;
			buildActionMask = 2147483647;
			files = (
			);
			runOnlyForDeploymentPostprocessing = 0;
		};
		61E0A9CA2594338D00960108 /* Resources */ = {
			isa = PBXResourcesBuildPhase;
			buildActionMask = 2147483647;
			files = (
			);
			runOnlyForDeploymentPostprocessing = 0;
		};
/* End PBXResourcesBuildPhase section */

/* Begin PBXSourcesBuildPhase section */
		61E0A9AC2594338C00960108 /* Sources */ = {
			isa = PBXSourcesBuildPhase;
			buildActionMask = 2147483647;
			files = (
				13AFC729265060FA00B1B703 /* ThumbnailStyle.swift in Sources */,
				13AFC73326506A6400B1B703 /* Home+View.swift in Sources */,
				13AFC73E26506FB300B1B703 /* Conversation.swift in Sources */,
				617E589826407930007BAECF /* EditPhoto+View.swift in Sources */,
				61C6FD7F26323477008C0BA8 /* Conversations+Observers.swift in Sources */,
				61DCBD0525A106F100980776 /* SocketConnectionManager.swift in Sources */,
				61DCBD0025A1058800980776 /* JSONParser.swift in Sources */,
				617E589B264079F2007BAECF /* Outcome.swift in Sources */,
				61C6FD842632348D008C0BA8 /* Conversations+View.swift in Sources */,
				617E589626407914007BAECF /* EditPhoto+Observers.swift in Sources */,
				61C6FD9D26324770008C0BA8 /* UserService.swift in Sources */,
				617E5894264078FC007BAECF /* EditPhoto+State.swift in Sources */,
				61C6FD8E263235A0008C0BA8 /* Settings+Observers.swift in Sources */,
				13AFC723265060D400B1B703 /* AppButtonStyle.swift in Sources */,
				61426180259CF4780045C234 /* Utils.swift in Sources */,
				61E0A9B42594338C00960108 /* UnfiltrApp.swift in Sources */,
				61C6FD6A26322F51008C0BA8 /* App+Startup.swift in Sources */,
				13AFC72B2650615A00B1B703 /* ViewStyle.swift in Sources */,
				617E588F26407860007BAECF /* ImageThumbnailView.swift in Sources */,
				61C6FD6526322E6C008C0BA8 /* App+View.swift in Sources */,
				61DCBD0D25A2B67900980776 /* Throttler.swift in Sources */,
				61284768262CF83B00025871 /* Environment.swift in Sources */,
				61C6FDA226336701008C0BA8 /* UserService+Account.swift in Sources */,
				13AFC727265060EC00B1B703 /* AppShadowStyle.swift in Sources */,
				13AFC73A26506F4A00B1B703 /* MessageCompose+View.swift in Sources */,
				61C6FD6026322E43008C0BA8 /* App+Observers.swift in Sources */,
				13AFC71F265060AD00B1B703 /* AppColor.swift in Sources */,
				13AFC73626506F2B00B1B703 /* Conversation+View.swift in Sources */,
				617E5892264078E0007BAECF /* EditPhoto.swift in Sources */,
				13AFC72D26506A4A00B1B703 /* Home.swift in Sources */,
				61C6FD7A26323450008C0BA8 /* Conversations.swift in Sources */,
				13AFC73126506A5D00B1B703 /* Home+Observers.swift in Sources */,
				61C6FD93263235BF008C0BA8 /* Settings+View.swift in Sources */,
				61C6FD5B26322E09008C0BA8 /* App.swift in Sources */,
				13AFC721265060C700B1B703 /* AppStyle.swift in Sources */,
				13AFC73826506F3C00B1B703 /* Message+View.swift in Sources */,
				13AFC72F26506A5200B1B703 /* Home+State.swift in Sources */,
				13AFC73C26506F5300B1B703 /* WrappedText+View.swift in Sources */,
				13AFC725265060DE00B1B703 /* AppTextFieldStyle.swift in Sources */,
				61C6FD8926323591008C0BA8 /* Settings.swift in Sources */,
				617E588D26407806007BAECF /* PHPicker.swift in Sources */,
			);
			runOnlyForDeploymentPostprocessing = 0;
		};
		61E0A9BD2594338D00960108 /* Sources */ = {
			isa = PBXSourcesBuildPhase;
			buildActionMask = 2147483647;
			files = (
				61E0A9C62594338D00960108 /* UnfiltrTests.swift in Sources */,
			);
			runOnlyForDeploymentPostprocessing = 0;
		};
		61E0A9C82594338D00960108 /* Sources */ = {
			isa = PBXSourcesBuildPhase;
			buildActionMask = 2147483647;
			files = (
				61E0A9D12594338D00960108 /* UnfiltrUITests.swift in Sources */,
			);
			runOnlyForDeploymentPostprocessing = 0;
		};
/* End PBXSourcesBuildPhase section */

/* Begin PBXTargetDependency section */
		61E0A9C32594338D00960108 /* PBXTargetDependency */ = {
			isa = PBXTargetDependency;
			target = 61E0A9AF2594338C00960108 /* Unfiltr */;
			targetProxy = 61E0A9C22594338D00960108 /* PBXContainerItemProxy */;
		};
		61E0A9CE2594338D00960108 /* PBXTargetDependency */ = {
			isa = PBXTargetDependency;
			target = 61E0A9AF2594338C00960108 /* Unfiltr */;
			targetProxy = 61E0A9CD2594338D00960108 /* PBXContainerItemProxy */;
		};
/* End PBXTargetDependency section */

/* Begin XCBuildConfiguration section */
		61E0A9D32594338D00960108 /* Debug */ = {
			isa = XCBuildConfiguration;
			baseConfigurationReference = 6128475D262CF6DB00025871 /* Development.xcconfig */;
			buildSettings = {
				ALWAYS_SEARCH_USER_PATHS = NO;
				CLANG_ANALYZER_NONNULL = YES;
				CLANG_ANALYZER_NUMBER_OBJECT_CONVERSION = YES_AGGRESSIVE;
				CLANG_CXX_LANGUAGE_STANDARD = "gnu++14";
				CLANG_CXX_LIBRARY = "libc++";
				CLANG_ENABLE_MODULES = YES;
				CLANG_ENABLE_OBJC_ARC = YES;
				CLANG_ENABLE_OBJC_WEAK = YES;
				CLANG_WARN_BLOCK_CAPTURE_AUTORELEASING = YES;
				CLANG_WARN_BOOL_CONVERSION = YES;
				CLANG_WARN_COMMA = YES;
				CLANG_WARN_CONSTANT_CONVERSION = YES;
				CLANG_WARN_DEPRECATED_OBJC_IMPLEMENTATIONS = YES;
				CLANG_WARN_DIRECT_OBJC_ISA_USAGE = YES_ERROR;
				CLANG_WARN_DOCUMENTATION_COMMENTS = YES;
				CLANG_WARN_EMPTY_BODY = YES;
				CLANG_WARN_ENUM_CONVERSION = YES;
				CLANG_WARN_INFINITE_RECURSION = YES;
				CLANG_WARN_INT_CONVERSION = YES;
				CLANG_WARN_NON_LITERAL_NULL_CONVERSION = YES;
				CLANG_WARN_OBJC_IMPLICIT_RETAIN_SELF = YES;
				CLANG_WARN_OBJC_LITERAL_CONVERSION = YES;
				CLANG_WARN_OBJC_ROOT_CLASS = YES_ERROR;
				CLANG_WARN_QUOTED_INCLUDE_IN_FRAMEWORK_HEADER = YES;
				CLANG_WARN_RANGE_LOOP_ANALYSIS = YES;
				CLANG_WARN_STRICT_PROTOTYPES = YES;
				CLANG_WARN_SUSPICIOUS_MOVE = YES;
				CLANG_WARN_UNGUARDED_AVAILABILITY = YES_AGGRESSIVE;
				CLANG_WARN_UNREACHABLE_CODE = YES;
				CLANG_WARN__DUPLICATE_METHOD_MATCH = YES;
				COPY_PHASE_STRIP = NO;
				DEBUG_INFORMATION_FORMAT = dwarf;
				ENABLE_STRICT_OBJC_MSGSEND = YES;
				ENABLE_TESTABILITY = YES;
				GCC_C_LANGUAGE_STANDARD = gnu11;
				GCC_DYNAMIC_NO_PIC = NO;
				GCC_NO_COMMON_BLOCKS = YES;
				GCC_OPTIMIZATION_LEVEL = 0;
				GCC_PREPROCESSOR_DEFINITIONS = (
					"DEBUG=1",
					"$(inherited)",
				);
				GCC_WARN_64_TO_32_BIT_CONVERSION = YES;
				GCC_WARN_ABOUT_RETURN_TYPE = YES_ERROR;
				GCC_WARN_UNDECLARED_SELECTOR = YES;
				GCC_WARN_UNINITIALIZED_AUTOS = YES_AGGRESSIVE;
				GCC_WARN_UNUSED_FUNCTION = YES;
				GCC_WARN_UNUSED_VARIABLE = YES;
				IPHONEOS_DEPLOYMENT_TARGET = 14.3;
				MTL_ENABLE_DEBUG_INFO = INCLUDE_SOURCE;
				MTL_FAST_MATH = YES;
				ONLY_ACTIVE_ARCH = YES;
				SDKROOT = iphoneos;
				SWIFT_ACTIVE_COMPILATION_CONDITIONS = DEBUG;
				SWIFT_OPTIMIZATION_LEVEL = "-Onone";
			};
			name = Debug;
		};
		61E0A9D42594338D00960108 /* Release */ = {
			isa = XCBuildConfiguration;
			baseConfigurationReference = 6128475C262CF6AC00025871 /* Release.xcconfig */;
			buildSettings = {
				ALWAYS_SEARCH_USER_PATHS = NO;
				CLANG_ANALYZER_NONNULL = YES;
				CLANG_ANALYZER_NUMBER_OBJECT_CONVERSION = YES_AGGRESSIVE;
				CLANG_CXX_LANGUAGE_STANDARD = "gnu++14";
				CLANG_CXX_LIBRARY = "libc++";
				CLANG_ENABLE_MODULES = YES;
				CLANG_ENABLE_OBJC_ARC = YES;
				CLANG_ENABLE_OBJC_WEAK = YES;
				CLANG_WARN_BLOCK_CAPTURE_AUTORELEASING = YES;
				CLANG_WARN_BOOL_CONVERSION = YES;
				CLANG_WARN_COMMA = YES;
				CLANG_WARN_CONSTANT_CONVERSION = YES;
				CLANG_WARN_DEPRECATED_OBJC_IMPLEMENTATIONS = YES;
				CLANG_WARN_DIRECT_OBJC_ISA_USAGE = YES_ERROR;
				CLANG_WARN_DOCUMENTATION_COMMENTS = YES;
				CLANG_WARN_EMPTY_BODY = YES;
				CLANG_WARN_ENUM_CONVERSION = YES;
				CLANG_WARN_INFINITE_RECURSION = YES;
				CLANG_WARN_INT_CONVERSION = YES;
				CLANG_WARN_NON_LITERAL_NULL_CONVERSION = YES;
				CLANG_WARN_OBJC_IMPLICIT_RETAIN_SELF = YES;
				CLANG_WARN_OBJC_LITERAL_CONVERSION = YES;
				CLANG_WARN_OBJC_ROOT_CLASS = YES_ERROR;
				CLANG_WARN_QUOTED_INCLUDE_IN_FRAMEWORK_HEADER = YES;
				CLANG_WARN_RANGE_LOOP_ANALYSIS = YES;
				CLANG_WARN_STRICT_PROTOTYPES = YES;
				CLANG_WARN_SUSPICIOUS_MOVE = YES;
				CLANG_WARN_UNGUARDED_AVAILABILITY = YES_AGGRESSIVE;
				CLANG_WARN_UNREACHABLE_CODE = YES;
				CLANG_WARN__DUPLICATE_METHOD_MATCH = YES;
				COPY_PHASE_STRIP = NO;
				DEBUG_INFORMATION_FORMAT = "dwarf-with-dsym";
				ENABLE_NS_ASSERTIONS = NO;
				ENABLE_STRICT_OBJC_MSGSEND = YES;
				GCC_C_LANGUAGE_STANDARD = gnu11;
				GCC_NO_COMMON_BLOCKS = YES;
				GCC_WARN_64_TO_32_BIT_CONVERSION = YES;
				GCC_WARN_ABOUT_RETURN_TYPE = YES_ERROR;
				GCC_WARN_UNDECLARED_SELECTOR = YES;
				GCC_WARN_UNINITIALIZED_AUTOS = YES_AGGRESSIVE;
				GCC_WARN_UNUSED_FUNCTION = YES;
				GCC_WARN_UNUSED_VARIABLE = YES;
				IPHONEOS_DEPLOYMENT_TARGET = 14.3;
				MTL_ENABLE_DEBUG_INFO = NO;
				MTL_FAST_MATH = YES;
				SDKROOT = iphoneos;
				SWIFT_COMPILATION_MODE = wholemodule;
				SWIFT_OPTIMIZATION_LEVEL = "-O";
				VALIDATE_PRODUCT = YES;
			};
			name = Release;
		};
		61E0A9D62594338D00960108 /* Debug */ = {
			isa = XCBuildConfiguration;
			buildSettings = {
				ASSETCATALOG_COMPILER_APPICON_NAME = AppIcon;
				ASSETCATALOG_COMPILER_GLOBAL_ACCENT_COLOR_NAME = AccentColor;
				CODE_SIGN_STYLE = Automatic;
				CURRENT_PROJECT_VERSION = 1;
				DEVELOPMENT_ASSET_PATHS = "\"Unfiltr/Preview Content\"";
				DEVELOPMENT_TEAM = G982WR9FX6;
				ENABLE_PREVIEWS = YES;
				INFOPLIST_FILE = Unfiltr/Info.plist;
				IPHONEOS_DEPLOYMENT_TARGET = 14.4;
				LD_RUNPATH_SEARCH_PATHS = (
					"$(inherited)",
					"@executable_path/Frameworks",
				);
				MARKETING_VERSION = 0.17;
				PRODUCT_BUNDLE_IDENTIFIER = com.tauseefk.unfiltr;
				PRODUCT_NAME = "$(TARGET_NAME)";
				SWIFT_VERSION = 5.0;
				TARGETED_DEVICE_FAMILY = "1,2";
			};
			name = Debug;
		};
		61E0A9D72594338D00960108 /* Release */ = {
			isa = XCBuildConfiguration;
			buildSettings = {
				ASSETCATALOG_COMPILER_APPICON_NAME = AppIcon;
				ASSETCATALOG_COMPILER_GLOBAL_ACCENT_COLOR_NAME = AccentColor;
				CODE_SIGN_STYLE = Automatic;
				CURRENT_PROJECT_VERSION = 1;
				DEVELOPMENT_ASSET_PATHS = "\"Unfiltr/Preview Content\"";
				DEVELOPMENT_TEAM = G982WR9FX6;
				ENABLE_PREVIEWS = YES;
				INFOPLIST_FILE = Unfiltr/Info.plist;
				IPHONEOS_DEPLOYMENT_TARGET = 14.4;
				LD_RUNPATH_SEARCH_PATHS = (
					"$(inherited)",
					"@executable_path/Frameworks",
				);
				MARKETING_VERSION = 0.17;
				PRODUCT_BUNDLE_IDENTIFIER = com.tauseefk.unfiltr;
				PRODUCT_NAME = "$(TARGET_NAME)";
				SWIFT_VERSION = 5.0;
				TARGETED_DEVICE_FAMILY = "1,2";
			};
			name = Release;
		};
		61E0A9D92594338D00960108 /* Debug */ = {
			isa = XCBuildConfiguration;
			buildSettings = {
				ALWAYS_EMBED_SWIFT_STANDARD_LIBRARIES = YES;
				BUNDLE_LOADER = "$(TEST_HOST)";
				CODE_SIGN_STYLE = Automatic;
				DEVELOPMENT_TEAM = BKT6PQFP66;
				INFOPLIST_FILE = UnfiltrTests/Info.plist;
				IPHONEOS_DEPLOYMENT_TARGET = 14.0;
				LD_RUNPATH_SEARCH_PATHS = (
					"$(inherited)",
					"@executable_path/Frameworks",
					"@loader_path/Frameworks",
				);
				PRODUCT_BUNDLE_IDENTIFIER = com.unfilter.UnfiltrTests;
				PRODUCT_NAME = "$(TARGET_NAME)";
				SWIFT_VERSION = 5.0;
				TARGETED_DEVICE_FAMILY = "1,2";
				TEST_HOST = "$(BUILT_PRODUCTS_DIR)/Unfiltr.app/Unfiltr";
			};
			name = Debug;
		};
		61E0A9DA2594338D00960108 /* Release */ = {
			isa = XCBuildConfiguration;
			buildSettings = {
				ALWAYS_EMBED_SWIFT_STANDARD_LIBRARIES = YES;
				BUNDLE_LOADER = "$(TEST_HOST)";
				CODE_SIGN_STYLE = Automatic;
				DEVELOPMENT_TEAM = BKT6PQFP66;
				INFOPLIST_FILE = UnfiltrTests/Info.plist;
				IPHONEOS_DEPLOYMENT_TARGET = 14.0;
				LD_RUNPATH_SEARCH_PATHS = (
					"$(inherited)",
					"@executable_path/Frameworks",
					"@loader_path/Frameworks",
				);
				PRODUCT_BUNDLE_IDENTIFIER = com.unfilter.UnfiltrTests;
				PRODUCT_NAME = "$(TARGET_NAME)";
				SWIFT_VERSION = 5.0;
				TARGETED_DEVICE_FAMILY = "1,2";
				TEST_HOST = "$(BUILT_PRODUCTS_DIR)/Unfiltr.app/Unfiltr";
			};
			name = Release;
		};
		61E0A9DC2594338D00960108 /* Debug */ = {
			isa = XCBuildConfiguration;
			buildSettings = {
				ALWAYS_EMBED_SWIFT_STANDARD_LIBRARIES = YES;
				CODE_SIGN_STYLE = Automatic;
				DEVELOPMENT_TEAM = BKT6PQFP66;
				INFOPLIST_FILE = UnfiltrUITests/Info.plist;
				LD_RUNPATH_SEARCH_PATHS = (
					"$(inherited)",
					"@executable_path/Frameworks",
					"@loader_path/Frameworks",
				);
				PRODUCT_BUNDLE_IDENTIFIER = com.unfilter.UnfiltrUITests;
				PRODUCT_NAME = "$(TARGET_NAME)";
				SWIFT_VERSION = 5.0;
				TARGETED_DEVICE_FAMILY = "1,2";
				TEST_TARGET_NAME = Unfiltr;
			};
			name = Debug;
		};
		61E0A9DD2594338D00960108 /* Release */ = {
			isa = XCBuildConfiguration;
			buildSettings = {
				ALWAYS_EMBED_SWIFT_STANDARD_LIBRARIES = YES;
				CODE_SIGN_STYLE = Automatic;
				DEVELOPMENT_TEAM = BKT6PQFP66;
				INFOPLIST_FILE = UnfiltrUITests/Info.plist;
				LD_RUNPATH_SEARCH_PATHS = (
					"$(inherited)",
					"@executable_path/Frameworks",
					"@loader_path/Frameworks",
				);
				PRODUCT_BUNDLE_IDENTIFIER = com.unfilter.UnfiltrUITests;
				PRODUCT_NAME = "$(TARGET_NAME)";
				SWIFT_VERSION = 5.0;
				TARGETED_DEVICE_FAMILY = "1,2";
				TEST_TARGET_NAME = Unfiltr;
			};
			name = Release;
		};
/* End XCBuildConfiguration section */

/* Begin XCConfigurationList section */
		61E0A9AB2594338C00960108 /* Build configuration list for PBXProject "Unfiltr" */ = {
			isa = XCConfigurationList;
			buildConfigurations = (
				61E0A9D32594338D00960108 /* Debug */,
				61E0A9D42594338D00960108 /* Release */,
			);
			defaultConfigurationIsVisible = 0;
			defaultConfigurationName = Release;
		};
		61E0A9D52594338D00960108 /* Build configuration list for PBXNativeTarget "Unfiltr" */ = {
			isa = XCConfigurationList;
			buildConfigurations = (
				61E0A9D62594338D00960108 /* Debug */,
				61E0A9D72594338D00960108 /* Release */,
			);
			defaultConfigurationIsVisible = 0;
			defaultConfigurationName = Release;
		};
		61E0A9D82594338D00960108 /* Build configuration list for PBXNativeTarget "UnfiltrTests" */ = {
			isa = XCConfigurationList;
			buildConfigurations = (
				61E0A9D92594338D00960108 /* Debug */,
				61E0A9DA2594338D00960108 /* Release */,
			);
			defaultConfigurationIsVisible = 0;
			defaultConfigurationName = Release;
		};
		61E0A9DB2594338D00960108 /* Build configuration list for PBXNativeTarget "UnfiltrUITests" */ = {
			isa = XCConfigurationList;
			buildConfigurations = (
				61E0A9DC2594338D00960108 /* Debug */,
				61E0A9DD2594338D00960108 /* Release */,
			);
			defaultConfigurationIsVisible = 0;
			defaultConfigurationName = Release;
		};
/* End XCConfigurationList section */

/* Begin XCRemoteSwiftPackageReference section */
		61C6FD4E26322D96008C0BA8 /* XCRemoteSwiftPackageReference "compose" */ = {
			isa = XCRemoteSwiftPackageReference;
			repositoryURL = "https://github.com/din/compose.git";
			requirement = {
				kind = upToNextMajorVersion;
				minimumVersion = 0.6.2;
			};
		};
		61DCBCF925A0FC2200980776 /* XCRemoteSwiftPackageReference "socket" */ = {
			isa = XCRemoteSwiftPackageReference;
			repositoryURL = "https://github.com/socketio/socket.io-client-swift";
			requirement = {
				kind = upToNextMajorVersion;
				minimumVersion = 15.2.0;
			};
		};
/* End XCRemoteSwiftPackageReference section */

/* Begin XCSwiftPackageProductDependency section */
		61C6FD4F26322D96008C0BA8 /* ComposeUI */ = {
			isa = XCSwiftPackageProductDependency;
			package = 61C6FD4E26322D96008C0BA8 /* XCRemoteSwiftPackageReference "compose" */;
			productName = ComposeUI;
		};
		61C6FD5126322D96008C0BA8 /* Compose */ = {
			isa = XCSwiftPackageProductDependency;
			package = 61C6FD4E26322D96008C0BA8 /* XCRemoteSwiftPackageReference "compose" */;
			productName = Compose;
		};
		61DCBCFA25A0FC2200980776 /* SocketIO */ = {
			isa = XCSwiftPackageProductDependency;
			package = 61DCBCF925A0FC2200980776 /* XCRemoteSwiftPackageReference "socket" */;
			productName = SocketIO;
		};
/* End XCSwiftPackageProductDependency section */
	};
	rootObject = 61E0A9A82594338C00960108 /* Project object */;
}
